
Microsoft Visual Studio Solution File, Format Version 12.00
# Visual Studio Version 16
VisualStudioVersion = 16.0.31515.178
MinimumVisualStudioVersion = 10.0.40219.1
Project("{FAE04EC0-301F-11D3-BF4B-00C04F79EFBC}") = "Module38.UWP", "Module38\Module38.UWP\Module38.UWP.csproj", "{638C8308-A78A-48BA-85F2-5F2E953E3475}"
EndProject
Project("{FAE04EC0-301F-11D3-BF4B-00C04F79EFBC}") = "Module38.Android", "Module38\Module38.Android\Module38.Android.csproj", "{A768AE32-D4CB-4FB1-AF00-10BED86D6253}"
EndProject
Project("{FAE04EC0-301F-11D3-BF4B-00C04F79EFBC}") = "Module38.iOS", "Module38\Module38.iOS\Module38.iOS.csproj", "{C637D94D-4760-40ED-A00B-D0A75CFD92DD}"
EndProject
Project("{FAE04EC0-301F-11D3-BF4B-00C04F79EFBC}") = "Module38", "Module38\Module38\Module38.csproj", "{84433BCC-16C4-467B-A038-B50232AB699C}"
EndProject
Global
	GlobalSection(SolutionConfigurationPlatforms) = preSolution
		Debug|Any CPU = Debug|Any CPU
		Debug|ARM = Debug|ARM
		Debug|iPhone = Debug|iPhone
		Debug|iPhoneSimulator = Debug|iPhoneSimulator
		Debug|x64 = Debug|x64
		Debug|x86 = Debug|x86
		Release|Any CPU = Release|Any CPU
		Release|ARM = Release|ARM
		Release|iPhone = Release|iPhone
		Release|iPhoneSimulator = Release|iPhoneSimulator
		Release|x64 = Release|x64
		Release|x86 = Release|x86
	EndGlobalSection
	GlobalSection(ProjectConfigurationPlatforms) = postSolution
		{638C8308-A78A-48BA-85F2-5F2E953E3475}.Debug|Any CPU.ActiveCfg = Debug|x86
		{638C8308-A78A-48BA-85F2-5F2E953E3475}.Debug|Any CPU.Build.0 = Debug|x86
		{638C8308-A78A-48BA-85F2-5F2E953E3475}.Debug|Any CPU.Deploy.0 = Debug|x86
		{638C8308-A78A-48BA-85F2-5F2E953E3475}.Debug|ARM.ActiveCfg = Debug|ARM
		{638C8308-A78A-48BA-85F2-5F2E953E3475}.Debug|ARM.Build.0 = Debug|ARM
		{638C8308-A78A-48BA-85F2-5F2E953E3475}.Debug|ARM.Deploy.0 = Debug|ARM
		{638C8308-A78A-48BA-85F2-5F2E953E3475}.Debug|iPhone.ActiveCfg = Debug|x86
		{638C8308-A78A-48BA-85F2-5F2E953E3475}.Debug|iPhone.Build.0 = Debug|x86
		{638C8308-A78A-48BA-85F2-5F2E953E3475}.Debug|iPhone.Deploy.0 = Debug|x86
		{638C8308-A78A-48BA-85F2-5F2E953E3475}.Debug|iPhoneSimulator.ActiveCfg = Debug|x86
		{638C8308-A78A-48BA-85F2-5F2E953E3475}.Debug|iPhoneSimulator.Build.0 = Debug|x86
		{638C8308-A78A-48BA-85F2-5F2E953E3475}.Debug|iPhoneSimulator.Deploy.0 = Debug|x86
		{638C8308-A78A-48BA-85F2-5F2E953E3475}.Debug|x64.ActiveCfg = Debug|x64
		{638C8308-A78A-48BA-85F2-5F2E953E3475}.Debug|x64.Build.0 = Debug|x64
		{638C8308-A78A-48BA-85F2-5F2E953E3475}.Debug|x64.Deploy.0 = Debug|x64
		{638C8308-A78A-48BA-85F2-5F2E953E3475}.Debug|x86.ActiveCfg = Debug|x86
		{638C8308-A78A-48BA-85F2-5F2E953E3475}.Debug|x86.Build.0 = Debug|x86
		{638C8308-A78A-48BA-85F2-5F2E953E3475}.Debug|x86.Deploy.0 = Debug|x86
		{638C8308-A78A-48BA-85F2-5F2E953E3475}.Release|Any CPU.ActiveCfg = Release|x86
		{638C8308-A78A-48BA-85F2-5F2E953E3475}.Release|Any CPU.Build.0 = Release|x86
		{638C8308-A78A-48BA-85F2-5F2E953E3475}.Release|Any CPU.Deploy.0 = Release|x86
		{638C8308-A78A-48BA-85F2-5F2E953E3475}.Release|ARM.ActiveCfg = Release|ARM
		{638C8308-A78A-48BA-85F2-5F2E953E3475}.Release|ARM.Build.0 = Release|ARM
		{638C8308-A78A-48BA-85F2-5F2E953E3475}.Release|ARM.Deploy.0 = Release|ARM
		{638C8308-A78A-48BA-85F2-5F2E953E3475}.Release|iPhone.ActiveCfg = Release|x86
		{638C8308-A78A-48BA-85F2-5F2E953E3475}.Release|iPhone.Build.0 = Release|x86
		{638C8308-A78A-48BA-85F2-5F2E953E3475}.Release|iPhone.Deploy.0 = Release|x86
		{638C8308-A78A-48BA-85F2-5F2E953E3475}.Release|iPhoneSimulator.ActiveCfg = Release|x86
		{638C8308-A78A-48BA-85F2-5F2E953E3475}.Release|iPhoneSimulator.Build.0 = Release|x86
		{638C8308-A78A-48BA-85F2-5F2E953E3475}.Release|iPhoneSimulator.Deploy.0 = Release|x86
		{638C8308-A78A-48BA-85F2-5F2E953E3475}.Release|x64.ActiveCfg = Release|x64
		{638C8308-A78A-48BA-85F2-5F2E953E3475}.Release|x64.Build.0 = Release|x64
		{638C8308-A78A-48BA-85F2-5F2E953E3475}.Release|x64.Deploy.0 = Release|x64
		{638C8308-A78A-48BA-85F2-5F2E953E3475}.Release|x86.ActiveCfg = Release|x86
		{638C8308-A78A-48BA-85F2-5F2E953E3475}.Release|x86.Build.0 = Release|x86
		{638C8308-A78A-48BA-85F2-5F2E953E3475}.Release|x86.Deploy.0 = Release|x86
		{A768AE32-D4CB-4FB1-AF00-10BED86D6253}.Debug|Any CPU.ActiveCfg = Debug|Any CPU
		{A768AE32-D4CB-4FB1-AF00-10BED86D6253}.Debug|Any CPU.Build.0 = Debug|Any CPU
		{A768AE32-D4CB-4FB1-AF00-10BED86D6253}.Debug|Any CPU.Deploy.0 = Debug|Any CPU
		{A768AE32-D4CB-4FB1-AF00-10BED86D6253}.Debug|ARM.ActiveCfg = Debug|Any CPU
		{A768AE32-D4CB-4FB1-AF00-10BED86D6253}.Debug|ARM.Build.0 = Debug|Any CPU
		{A768AE32-D4CB-4FB1-AF00-10BED86D6253}.Debug|ARM.Deploy.0 = Debug|Any CPU
		{A768AE32-D4CB-4FB1-AF00-10BED86D6253}.Debug|iPhone.ActiveCfg = Debug|Any CPU
		{A768AE32-D4CB-4FB1-AF00-10BED86D6253}.Debug|iPhone.Build.0 = Debug|Any CPU
		{A768AE32-D4CB-4FB1-AF00-10BED86D6253}.Debug|iPhone.Deploy.0 = Debug|Any CPU
		{A768AE32-D4CB-4FB1-AF00-10BED86D6253}.Debug|iPhoneSimulator.ActiveCfg = Debug|Any CPU
		{A768AE32-D4CB-4FB1-AF00-10BED86D6253}.Debug|iPhoneSimulator.Build.0 = Debug|Any CPU
		{A768AE32-D4CB-4FB1-AF00-10BED86D6253}.Debug|iPhoneSimulator.Deploy.0 = Debug|Any CPU
		{A768AE32-D4CB-4FB1-AF00-10BED86D6253}.Debug|x64.ActiveCfg = Debug|Any CPU
		{A768AE32-D4CB-4FB1-AF00-10BED86D6253}.Debug|x64.Build.0 = Debug|Any CPU
		{A768AE32-D4CB-4FB1-AF00-10BED86D6253}.Debug|x64.Deploy.0 = Debug|Any CPU
		{A768AE32-D4CB-4FB1-AF00-10BED86D6253}.Debug|x86.ActiveCfg = Debug|Any CPU
		{A768AE32-D4CB-4FB1-AF00-10BED86D6253}.Debug|x86.Build.0 = Debug|Any CPU
		{A768AE32-D4CB-4FB1-AF00-10BED86D6253}.Debug|x86.Deploy.0 = Debug|Any CPU
		{A768AE32-D4CB-4FB1-AF00-10BED86D6253}.Release|Any CPU.ActiveCfg = Release|Any CPU
		{A768AE32-D4CB-4FB1-AF00-10BED86D6253}.Release|Any CPU.Build.0 = Release|Any CPU
		{A768AE32-D4CB-4FB1-AF00-10BED86D6253}.Release|Any CPU.Deploy.0 = Release|Any CPU
		{A768AE32-D4CB-4FB1-AF00-10BED86D6253}.Release|ARM.ActiveCfg = Release|Any CPU
		{A768AE32-D4CB-4FB1-AF00-10BED86D6253}.Release|ARM.Build.0 = Release|Any CPU
		{A768AE32-D4CB-4FB1-AF00-10BED86D6253}.Release|ARM.Deploy.0 = Release|Any CPU
		{A768AE32-D4CB-4FB1-AF00-10BED86D6253}.Release|iPhone.ActiveCfg = Release|Any CPU
		{A768AE32-D4CB-4FB1-AF00-10BED86D6253}.Release|iPhone.Build.0 = Release|Any CPU
		{A768AE32-D4CB-4FB1-AF00-10BED86D6253}.Release|iPhone.Deploy.0 = Release|Any CPU
		{A768AE32-D4CB-4FB1-AF00-10BED86D6253}.Release|iPhoneSimulator.ActiveCfg = Release|Any CPU
		{A768AE32-D4CB-4FB1-AF00-10BED86D6253}.Release|iPhoneSimulator.Build.0 = Release|Any CPU
		{A768AE32-D4CB-4FB1-AF00-10BED86D6253}.Release|iPhoneSimulator.Deploy.0 = Release|Any CPU
		{A768AE32-D4CB-4FB1-AF00-10BED86D6253}.Release|x64.ActiveCfg = Release|Any CPU
		{A768AE32-D4CB-4FB1-AF00-10BED86D6253}.Release|x64.Build.0 = Release|Any CPU
		{A768AE32-D4CB-4FB1-AF00-10BED86D6253}.Release|x64.Deploy.0 = Release|Any CPU
		{A768AE32-D4CB-4FB1-AF00-10BED86D6253}.Release|x86.ActiveCfg = Release|Any CPU
		{A768AE32-D4CB-4FB1-AF00-10BED86D6253}.Release|x86.Build.0 = Release|Any CPU
		{A768AE32-D4CB-4FB1-AF00-10BED86D6253}.Release|x86.Deploy.0 = Release|Any CPU
		{C637D94D-4760-40ED-A00B-D0A75CFD92DD}.Debug|Any CPU.ActiveCfg = Debug|iPhoneSimulator
		{C637D94D-4760-40ED-A00B-D0A75CFD92DD}.Debug|Any CPU.Build.0 = Debug|iPhoneSimulator
		{C637D94D-4760-40ED-A00B-D0A75CFD92DD}.Debug|Any CPU.Deploy.0 = Debug|iPhoneSimulator
		{C637D94D-4760-40ED-A00B-D0A75CFD92DD}.Debug|ARM.ActiveCfg = Debug|iPhone
		{C637D94D-4760-40ED-A00B-D0A75CFD92DD}.Debug|ARM.Build.0 = Debug|iPhone
		{C637D94D-4760-40ED-A00B-D0A75CFD92DD}.Debug|ARM.Deploy.0 = Debug|iPhone
		{C637D94D-4760-40ED-A00B-D0A75CFD92DD}.Debug|iPhone.ActiveCfg = Debug|iPhone
		{C637D94D-4760-40ED-A00B-D0A75CFD92DD}.Debug|iPhone.Build.0 = Debug|iPhone
		{C637D94D-4760-40ED-A00B-D0A75CFD92DD}.Debug|iPhone.Deploy.0 = Debug|iPhone
		{C637D94D-4760-40ED-A00B-D0A75CFD92DD}.Debug|iPhoneSimulator.ActiveCfg = Debug|iPhoneSimulator
		{C637D94D-4760-40ED-A00B-D0A75CFD92DD}.Debug|iPhoneSimulator.Build.0 = Debug|iPhoneSimulator
		{C637D94D-4760-40ED-A00B-D0A75CFD92DD}.Debug|iPhoneSimulator.Deploy.0 = Debug|iPhoneSimulator
		{C637D94D-4760-40ED-A00B-D0A75CFD92DD}.Debug|x64.ActiveCfg = Debug|iPhoneSimulator
		{C637D94D-4760-40ED-A00B-D0A75CFD92DD}.Debug|x64.Build.0 = Debug|iPhoneSimulator
		{C637D94D-4760-40ED-A00B-D0A75CFD92DD}.Debug|x64.Deploy.0 = Debug|iPhoneSimulator
		{C637D94D-4760-40ED-A00B-D0A75CFD92DD}.Debug|x86.ActiveCfg = Debug|iPhoneSimulator
		{C637D94D-4760-40ED-A00B-D0A75CFD92DD}.Debug|x86.Build.0 = Debug|iPhoneSimulator
		{C637D94D-4760-40ED-A00B-D0A75CFD92DD}.Debug|x86.Deploy.0 = Debug|iPhoneSimulator
		{C637D94D-4760-40ED-A00B-D0A75CFD92DD}.Release|Any CPU.ActiveCfg = Release|iPhoneSimulator
		{C637D94D-4760-40ED-A00B-D0A75CFD92DD}.Release|Any CPU.Build.0 = Release|iPhoneSimulator
		{C637D94D-4760-40ED-A00B-D0A75CFD92DD}.Release|Any CPU.Deploy.0 = Release|iPhoneSimulator
		{C637D94D-4760-40ED-A00B-D0A75CFD92DD}.Release|ARM.ActiveCfg = Release|iPhoneSimulator
		{C637D94D-4760-40ED-A00B-D0A75CFD92DD}.Release|ARM.Build.0 = Release|iPhoneSimulator
		{C637D94D-4760-40ED-A00B-D0A75CFD92DD}.Release|ARM.Deploy.0 = Release|iPhoneSimulator
		{C637D94D-4760-40ED-A00B-D0A75CFD92DD}.Release|iPhone.ActiveCfg = Release|iPhone
		{C637D94D-4760-40ED-A00B-D0A75CFD92DD}.Release|iPhone.Build.0 = Release|iPhone
		{C637D94D-4760-40ED-A00B-D0A75CFD92DD}.Release|iPhone.Deploy.0 = Release|iPhone
		{C637D94D-4760-40ED-A00B-D0A75CFD92DD}.Release|iPhoneSimulator.ActiveCfg = Release|iPhoneSimulator
		{C637D94D-4760-40ED-A00B-D0A75CFD92DD}.Release|iPhoneSimulator.Build.0 = Release|iPhoneSimulator
		{C637D94D-4760-40ED-A00B-D0A75CFD92DD}.Release|iPhoneSimulator.Deploy.0 = Release|iPhoneSimulator
		{C637D94D-4760-40ED-A00B-D0A75CFD92DD}.Release|x64.ActiveCfg = Release|iPhoneSimulator
		{C637D94D-4760-40ED-A00B-D0A75CFD92DD}.Release|x64.Build.0 = Release|iPhoneSimulator
		{C637D94D-4760-40ED-A00B-D0A75CFD92DD}.Release|x64.Deploy.0 = Release|iPhoneSimulator
		{C637D94D-4760-40ED-A00B-D0A75CFD92DD}.Release|x86.ActiveCfg = Release|iPhoneSimulator
		{C637D94D-4760-40ED-A00B-D0A75CFD92DD}.Release|x86.Build.0 = Release|iPhoneSimulator
		{C637D94D-4760-40ED-A00B-D0A75CFD92DD}.Release|x86.Deploy.0 = Release|iPhoneSimulator
		{84433BCC-16C4-467B-A038-B50232AB699C}.Debug|Any CPU.ActiveCfg = Debug|Any CPU
		{84433BCC-16C4-467B-A038-B50232AB699C}.Debug|Any CPU.Build.0 = Debug|Any CPU
		{84433BCC-16C4-467B-A038-B50232AB699C}.Debug|Any CPU.Deploy.0 = Debug|Any CPU
		{84433BCC-16C4-467B-A038-B50232AB699C}.Debug|ARM.ActiveCfg = Debug|Any CPU
		{84433BCC-16C4-467B-A038-B50232AB699C}.Debug|ARM.Build.0 = Debug|Any CPU
		{84433BCC-16C4-467B-A038-B50232AB699C}.Debug|ARM.Deploy.0 = Debug|Any CPU
		{84433BCC-16C4-467B-A038-B50232AB699C}.Debug|iPhone.ActiveCfg = Debug|Any CPU
		{84433BCC-16C4-467B-A038-B50232AB699C}.Debug|iPhone.Build.0 = Debug|Any CPU
		{84433BCC-16C4-467B-A038-B50232AB699C}.Debug|iPhone.Deploy.0 = Debug|Any CPU
		{84433BCC-16C4-467B-A038-B50232AB699C}.Debug|iPhoneSimulator.ActiveCfg = Debug|Any CPU
		{84433BCC-16C4-467B-A038-B50232AB699C}.Debug|iPhoneSimulator.Build.0 = Debug|Any CPU
		{84433BCC-16C4-467B-A038-B50232AB699C}.Debug|iPhoneSimulator.Deploy.0 = Debug|Any CPU
		{84433BCC-16C4-467B-A038-B50232AB699C}.Debug|x64.ActiveCfg = Debug|Any CPU
		{84433BCC-16C4-467B-A038-B50232AB699C}.Debug|x64.Build.0 = Debug|Any CPU
		{84433BCC-16C4-467B-A038-B50232AB699C}.Debug|x64.Deploy.0 = Debug|Any CPU
		{84433BCC-16C4-467B-A038-B50232AB699C}.Debug|x86.ActiveCfg = Debug|Any CPU
		{84433BCC-16C4-467B-A038-B50232AB699C}.Debug|x86.Build.0 = Debug|Any CPU
		{84433BCC-16C4-467B-A038-B50232AB699C}.Debug|x86.Deploy.0 = Debug|Any CPU
		{84433BCC-16C4-467B-A038-B50232AB699C}.Release|Any CPU.ActiveCfg = Release|Any CPU
		{84433BCC-16C4-467B-A038-B50232AB699C}.Release|Any CPU.Build.0 = Release|Any CPU
		{84433BCC-16C4-467B-A038-B50232AB699C}.Release|Any CPU.Deploy.0 = Release|Any CPU
		{84433BCC-16C4-467B-A038-B50232AB699C}.Release|ARM.ActiveCfg = Release|Any CPU
		{84433BCC-16C4-467B-A038-B50232AB699C}.Release|ARM.Build.0 = Release|Any CPU
		{84433BCC-16C4-467B-A038-B50232AB699C}.Release|ARM.Deploy.0 = Release|Any CPU
		{84433BCC-16C4-467B-A038-B50232AB699C}.Release|iPhone.ActiveCfg = Release|Any CPU
		{84433BCC-16C4-467B-A038-B50232AB699C}.Release|iPhone.Build.0 = Release|Any CPU
		{84433BCC-16C4-467B-A038-B50232AB699C}.Release|iPhone.Deploy.0 = Release|Any CPU
		{84433BCC-16C4-467B-A038-B50232AB699C}.Release|iPhoneSimulator.ActiveCfg = Release|Any CPU
		{84433BCC-16C4-467B-A038-B50232AB699C}.Release|iPhoneSimulator.Build.0 = Release|Any CPU
		{84433BCC-16C4-467B-A038-B50232AB699C}.Release|iPhoneSimulator.Deploy.0 = Release|Any CPU
		{84433BCC-16C4-467B-A038-B50232AB699C}.Release|x64.ActiveCfg = Release|Any CPU
		{84433BCC-16C4-467B-A038-B50232AB699C}.Release|x64.Build.0 = Release|Any CPU
		{84433BCC-16C4-467B-A038-B50232AB699C}.Release|x64.Deploy.0 = Release|Any CPU
		{84433BCC-16C4-467B-A038-B50232AB699C}.Release|x86.ActiveCfg = Release|Any CPU
		{84433BCC-16C4-467B-A038-B50232AB699C}.Release|x86.Build.0 = Release|Any CPU
		{84433BCC-16C4-467B-A038-B50232AB699C}.Release|x86.Deploy.0 = Release|Any CPU
	EndGlobalSection
	GlobalSection(SolutionProperties) = preSolution
		HideSolutionNode = FALSE
	EndGlobalSection
	GlobalSection(ExtensibilityGlobals) = postSolution
		SolutionGuid = {01FC3E48-84CB-4C56-A827-5D3B228DF023}
	EndGlobalSection
EndGlobal
